
Microsoft Visual Studio Solution File, Format Version 12.00
# Visual Studio Version 17
VisualStudioVersion = 17.7.34024.191
MinimumVisualStudioVersion = 10.0.40219.1
Project("{FAE04EC0-301F-11D3-BF4B-00C04F79EFBC}") = "ConvertidorNumeroATexto", "ConvertidorNumeroATexto.csproj", "{4557A45D-DB27-4E47-9644-F738F73B0F7D}"
EndProject
Global
	GlobalSection(SolutionConfigurationPlatforms) = preSolution
		Debug|Any CPU = Debug|Any CPU
		Release|Any CPU = Release|Any CPU
	EndGlobalSection
	GlobalSection(ProjectConfigurationPlatforms) = postSolution
		{4557A45D-DB27-4E47-9644-F738F73B0F7D}.Debug|Any CPU.ActiveCfg = Debug|Any CPU
		{4557A45D-DB27-4E47-9644-F738F73B0F7D}.Debug|Any CPU.Build.0 = Debug|Any CPU
		{4557A45D-DB27-4E47-9644-F738F73B0F7D}.Release|Any CPU.ActiveCfg = Release|Any CPU
		{4557A45D-DB27-4E47-9644-F738F73B0F7D}.Release|Any CPU.Build.0 = Release|Any CPU
	EndGlobalSection
	GlobalSection(SolutionProperties) = preSolution
		HideSolutionNode = FALSE
	EndGlobalSection
	GlobalSection(ExtensibilityGlobals) = postSolution
		SolutionGuid = {463713FF-F21F-4024-B459-C119CAA45D98}
	EndGlobalSection
EndGlobal
